
Microsoft Visual Studio Solution File, Format Version 12.00
# Visual Studio Version 16
VisualStudioVersion = 16.0.32106.194
MinimumVisualStudioVersion = 10.0.40219.1
Project("{FAE04EC0-301F-11D3-BF4B-00C04F79EFBC}") = "ArachnesArena", "ArachnesArena\ArachnesArena.csproj", "{A9007DEE-DC67-49D9-BF56-213A93AB412F}"
EndProject
Global
	GlobalSection(SolutionConfigurationPlatforms) = preSolution
		Debug|Any CPU = Debug|Any CPU
		Release|Any CPU = Release|Any CPU
	EndGlobalSection
	GlobalSection(ProjectConfigurationPlatforms) = postSolution
		{A9007DEE-DC67-49D9-BF56-213A93AB412F}.Debug|Any CPU.ActiveCfg = Debug|Any CPU
		{A9007DEE-DC67-49D9-BF56-213A93AB412F}.Debug|Any CPU.Build.0 = Debug|Any CPU
		{A9007DEE-DC67-49D9-BF56-213A93AB412F}.Release|Any CPU.ActiveCfg = Release|Any CPU
		{A9007DEE-DC67-49D9-BF56-213A93AB412F}.Release|Any CPU.Build.0 = Release|Any CPU
	EndGlobalSection
	GlobalSection(SolutionProperties) = preSolution
		HideSolutionNode = FALSE
	EndGlobalSection
	GlobalSection(ExtensibilityGlobals) = postSolution
		SolutionGuid = {EF40DD98-D8EF-4BA2-A82B-655A1A2E0C5D}
	EndGlobalSection
EndGlobal
